
Microsoft Visual Studio Solution File, Format Version 12.00
# Visual Studio Version 16
VisualStudioVersion = 25.0.1706.0
MinimumVisualStudioVersion = 10.0.40219.1
Project("{FAE04EC0-301F-11D3-BF4B-00C04F79EFBC}") = "SweetTreatsBakery", "SweetTreatsBakery\SweetTreatsBakery.csproj", "{AABDE5A8-6B61-4CB2-8A16-DA8A6C59BC32}"
EndProject
Global
	GlobalSection(SolutionConfigurationPlatforms) = preSolution
		Debug|Any CPU = Debug|Any CPU
		Release|Any CPU = Release|Any CPU
	EndGlobalSection
	GlobalSection(ProjectConfigurationPlatforms) = postSolution
		{AABDE5A8-6B61-4CB2-8A16-DA8A6C59BC32}.Debug|Any CPU.ActiveCfg = Debug|Any CPU
		{AABDE5A8-6B61-4CB2-8A16-DA8A6C59BC32}.Debug|Any CPU.Build.0 = Debug|Any CPU
		{AABDE5A8-6B61-4CB2-8A16-DA8A6C59BC32}.Release|Any CPU.ActiveCfg = Release|Any CPU
		{AABDE5A8-6B61-4CB2-8A16-DA8A6C59BC32}.Release|Any CPU.Build.0 = Release|Any CPU
	EndGlobalSection
	GlobalSection(SolutionProperties) = preSolution
		HideSolutionNode = FALSE
	EndGlobalSection
	GlobalSection(ExtensibilityGlobals) = postSolution
		SolutionGuid = {8C983F87-13AC-45DF-8C76-3CE63832A1D2}
	EndGlobalSection
EndGlobal
